
Microsoft Visual Studio Solution File, Format Version 12.00
# Visual Studio Version 17
VisualStudioVersion = 17.13.35818.85 d17.13
MinimumVisualStudioVersion = 10.0.40219.1
Project("{FAE04EC0-301F-11D3-BF4B-00C04F79EFBC}") = "Week8SQLite", "Week8SQLite\Week8SQLite.csproj", "{6A99B09E-285D-4CB0-AA53-CB2B2E2B4250}"
EndProject
Global
	GlobalSection(SolutionConfigurationPlatforms) = preSolution
		Debug|Any CPU = Debug|Any CPU
		Release|Any CPU = Release|Any CPU
	EndGlobalSection
	GlobalSection(ProjectConfigurationPlatforms) = postSolution
		{6A99B09E-285D-4CB0-AA53-CB2B2E2B4250}.Debug|Any CPU.ActiveCfg = Debug|Any CPU
		{6A99B09E-285D-4CB0-AA53-CB2B2E2B4250}.Debug|Any CPU.Build.0 = Debug|Any CPU
		{6A99B09E-285D-4CB0-AA53-CB2B2E2B4250}.Release|Any CPU.ActiveCfg = Release|Any CPU
		{6A99B09E-285D-4CB0-AA53-CB2B2E2B4250}.Release|Any CPU.Build.0 = Release|Any CPU
	EndGlobalSection
	GlobalSection(SolutionProperties) = preSolution
		HideSolutionNode = FALSE
	EndGlobalSection
	GlobalSection(ExtensibilityGlobals) = postSolution
		SolutionGuid = {7E90F48C-16CB-422D-8C63-9414C52F9A50}
	EndGlobalSection
EndGlobal
